
Microsoft Visual Studio Solution File, Format Version 12.00
# Visual Studio Version 17
VisualStudioVersion = 17.4.33122.133
MinimumVisualStudioVersion = 10.0.40219.1
Project("{FAE04EC0-301F-11D3-BF4B-00C04F79EFBC}") = "domaci4", "domaci4\domaci4.csproj", "{B8D56333-5A75-426A-A9AF-AE80EDFB643C}"
EndProject
Global
	GlobalSection(SolutionConfigurationPlatforms) = preSolution
		Debug|Any CPU = Debug|Any CPU
		Release|Any CPU = Release|Any CPU
	EndGlobalSection
	GlobalSection(ProjectConfigurationPlatforms) = postSolution
		{B8D56333-5A75-426A-A9AF-AE80EDFB643C}.Debug|Any CPU.ActiveCfg = Debug|Any CPU
		{B8D56333-5A75-426A-A9AF-AE80EDFB643C}.Debug|Any CPU.Build.0 = Debug|Any CPU
		{B8D56333-5A75-426A-A9AF-AE80EDFB643C}.Release|Any CPU.ActiveCfg = Release|Any CPU
		{B8D56333-5A75-426A-A9AF-AE80EDFB643C}.Release|Any CPU.Build.0 = Release|Any CPU
	EndGlobalSection
	GlobalSection(SolutionProperties) = preSolution
		HideSolutionNode = FALSE
	EndGlobalSection
	GlobalSection(ExtensibilityGlobals) = postSolution
		SolutionGuid = {91C05BD0-898B-4869-ACD1-F30675B5D8BD}
	EndGlobalSection
EndGlobal
